
Microsoft Visual Studio Solution File, Format Version 12.00
# Visual Studio Version 17
VisualStudioVersion = 17.14.36414.22 d17.14
MinimumVisualStudioVersion = 10.0.40219.1
Project("{888888A0-9F3D-457C-B088-3A5042F75D52}") = "Bai1", "Bai1\Bai1.pyproj", "{F54102E2-8FC3-4FD3-BDBF-045D59BBD947}"
EndProject
Project("{888888A0-9F3D-457C-B088-3A5042F75D52}") = "bai2", "bai2\bai2.pyproj", "{E65A5CD5-4A55-43CB-8C33-29BD8FF23FD1}"
EndProject
Project("{888888A0-9F3D-457C-B088-3A5042F75D52}") = "bai3", "bai3\bai3.pyproj", "{7AA4DF38-B868-419F-8592-1AF1BFE03B60}"
EndProject
Project("{888888A0-9F3D-457C-B088-3A5042F75D52}") = "cac cau li thuyet 4-10", "cac cau li thuyet 4-10\cac cau li thuyet 4-10.pyproj", "{4055D97D-3129-4EC9-B358-AE0D9D44AB1D}"
EndProject
Global
	GlobalSection(SolutionConfigurationPlatforms) = preSolution
		Debug|Any CPU = Debug|Any CPU
		Release|Any CPU = Release|Any CPU
	EndGlobalSection
	GlobalSection(ProjectConfigurationPlatforms) = postSolution
		{F54102E2-8FC3-4FD3-BDBF-045D59BBD947}.Debug|Any CPU.ActiveCfg = Debug|Any CPU
		{F54102E2-8FC3-4FD3-BDBF-045D59BBD947}.Release|Any CPU.ActiveCfg = Release|Any CPU
		{E65A5CD5-4A55-43CB-8C33-29BD8FF23FD1}.Debug|Any CPU.ActiveCfg = Debug|Any CPU
		{E65A5CD5-4A55-43CB-8C33-29BD8FF23FD1}.Release|Any CPU.ActiveCfg = Release|Any CPU
		{7AA4DF38-B868-419F-8592-1AF1BFE03B60}.Debug|Any CPU.ActiveCfg = Debug|Any CPU
		{7AA4DF38-B868-419F-8592-1AF1BFE03B60}.Release|Any CPU.ActiveCfg = Release|Any CPU
		{4055D97D-3129-4EC9-B358-AE0D9D44AB1D}.Debug|Any CPU.ActiveCfg = Debug|Any CPU
		{4055D97D-3129-4EC9-B358-AE0D9D44AB1D}.Release|Any CPU.ActiveCfg = Release|Any CPU
	EndGlobalSection
	GlobalSection(SolutionProperties) = preSolution
		HideSolutionNode = FALSE
	EndGlobalSection
	GlobalSection(ExtensibilityGlobals) = postSolution
		SolutionGuid = {BAC57528-1458-4851-9490-378E3564F2C4}
	EndGlobalSection
EndGlobal
